
Microsoft Visual Studio Solution File, Format Version 12.00
# Visual Studio Version 16
VisualStudioVersion = 16.0.34114.132
MinimumVisualStudioVersion = 10.0.40219.1
Project("{FAE04EC0-301F-11D3-BF4B-00C04F79EFBC}") = "AssessmentAssignments", "AssessmentAssignments\AssessmentAssignments.csproj", "{07AB664D-6FDF-4B6E-A397-A3E45AEC6A8E}"
EndProject
Global
	GlobalSection(SolutionConfigurationPlatforms) = preSolution
		Debug|Any CPU = Debug|Any CPU
		Release|Any CPU = Release|Any CPU
	EndGlobalSection
	GlobalSection(ProjectConfigurationPlatforms) = postSolution
		{07AB664D-6FDF-4B6E-A397-A3E45AEC6A8E}.Debug|Any CPU.ActiveCfg = Debug|Any CPU
		{07AB664D-6FDF-4B6E-A397-A3E45AEC6A8E}.Debug|Any CPU.Build.0 = Debug|Any CPU
		{07AB664D-6FDF-4B6E-A397-A3E45AEC6A8E}.Release|Any CPU.ActiveCfg = Release|Any CPU
		{07AB664D-6FDF-4B6E-A397-A3E45AEC6A8E}.Release|Any CPU.Build.0 = Release|Any CPU
	EndGlobalSection
	GlobalSection(SolutionProperties) = preSolution
		HideSolutionNode = FALSE
	EndGlobalSection
	GlobalSection(ExtensibilityGlobals) = postSolution
		SolutionGuid = {05CFEF21-0453-438E-8E27-28E3C8F62A8B}
	EndGlobalSection
EndGlobal
